
Microsoft Visual Studio Solution File, Format Version 12.00
# Visual Studio Version 16
VisualStudioVersion = 16.0.32929.386
MinimumVisualStudioVersion = 10.0.40219.1
Project("{FAE04EC0-301F-11D3-BF4B-00C04F79EFBC}") = "ClassroomManagement", "ClassroomManagement.csproj", "{82FC02B2-DD6E-4BFD-8265-29B01BDC65B3}"
EndProject
Global
	GlobalSection(SolutionConfigurationPlatforms) = preSolution
		Debug|Any CPU = Debug|Any CPU
		Release|Any CPU = Release|Any CPU
	EndGlobalSection
	GlobalSection(ProjectConfigurationPlatforms) = postSolution
		{82FC02B2-DD6E-4BFD-8265-29B01BDC65B3}.Debug|Any CPU.ActiveCfg = Debug|Any CPU
		{82FC02B2-DD6E-4BFD-8265-29B01BDC65B3}.Debug|Any CPU.Build.0 = Debug|Any CPU
		{82FC02B2-DD6E-4BFD-8265-29B01BDC65B3}.Release|Any CPU.ActiveCfg = Release|Any CPU
		{82FC02B2-DD6E-4BFD-8265-29B01BDC65B3}.Release|Any CPU.Build.0 = Release|Any CPU
	EndGlobalSection
	GlobalSection(SolutionProperties) = preSolution
		HideSolutionNode = FALSE
	EndGlobalSection
	GlobalSection(ExtensibilityGlobals) = postSolution
		SolutionGuid = {CAB20FFD-BB53-4DEF-AF84-908E3275CE8A}
	EndGlobalSection
EndGlobal
